
Microsoft Visual Studio Solution File, Format Version 12.00
Project("{FAE04EC0-301F-11D3-BF4B-00C04F79EFBC}") = "Problems", "Problems\Problems.csproj", "{48F4257D-895A-4624-A23E-E37F12ABA12D}"
EndProject
Project("{FAE04EC0-301F-11D3-BF4B-00C04F79EFBC}") = "ABC001", "ABC001\ABC001.csproj", "{32938D9B-8476-4209-A282-E736A12AC833}"
EndProject
Global
	GlobalSection(SolutionConfigurationPlatforms) = preSolution
		Debug|Any CPU = Debug|Any CPU
		Release|Any CPU = Release|Any CPU
	EndGlobalSection
	GlobalSection(ProjectConfigurationPlatforms) = postSolution
		{48F4257D-895A-4624-A23E-E37F12ABA12D}.Debug|Any CPU.ActiveCfg = Debug|Any CPU
		{48F4257D-895A-4624-A23E-E37F12ABA12D}.Debug|Any CPU.Build.0 = Debug|Any CPU
		{48F4257D-895A-4624-A23E-E37F12ABA12D}.Release|Any CPU.ActiveCfg = Release|Any CPU
		{48F4257D-895A-4624-A23E-E37F12ABA12D}.Release|Any CPU.Build.0 = Release|Any CPU
		{32938D9B-8476-4209-A282-E736A12AC833}.Debug|Any CPU.ActiveCfg = Debug|Any CPU
		{32938D9B-8476-4209-A282-E736A12AC833}.Debug|Any CPU.Build.0 = Debug|Any CPU
		{32938D9B-8476-4209-A282-E736A12AC833}.Release|Any CPU.ActiveCfg = Release|Any CPU
		{32938D9B-8476-4209-A282-E736A12AC833}.Release|Any CPU.Build.0 = Release|Any CPU
	EndGlobalSection
EndGlobal
